{
  "name": "examples",
  "lockfileVersion": 3,
  "requires": true,
  "packages": {
    "": {
      "dependencies": {
        "folder-hash": "file:..",
        "ignore": "7.0.5"
      }
    },
    "..": {
      "name": "folder-hash",
      "version": "5.0.0-dev",
      "license": "MIT",
      "dependencies": {
        "debug": "4.4.0",
        "minimatch": "10.0.3"
      },
      "bin": {
        "folder-hash": "bin/folder-hash"
      },
      "devDependencies": {
        "@types/debug": "4.1.12",
        "@types/node": "22.10.4",
        "ignore": "7.0.5",
        "jsdoc": "4.0.4",
        "memfs": "3.5.3",
        "prettier": "3.6.2",
        "typescript": "5.9.2"
      },
      "engines": {
        "node": "20 || >=22"
      }
    },
    "../index.js": {
      "extraneous": true
    },
    "node_modules/folder-hash": {
      "resolved": "..",
      "link": true
    },
    "node_modules/ignore": {
      "version": "7.0.5",
      "resolved": "https://registry.npmjs.org/ignore/-/ignore-7.0.5.tgz",
      "integrity": "sha512-Hs59xBNfUIunMFgWAbGX5cq6893IbWg4KnrjbYwX3tx0ztorVgTDA6B2sxf8ejHJ4wz8BqGUMYlnzNBer5NvGg==",
      "license": "MIT",
      "engines": {
        "node": ">= 4"
      }
    }
  }
}
